{
  "nodes": {
    "agenix": {
      "inputs": {
        "nixpkgs": [
          "nixpkgs"
        ]
      },
      "locked": {
        "lastModified": 1665870395,
        "narHash": "sha256-Tsbqb27LDNxOoPLh0gw2hIb6L/6Ow/6lIBvqcHzEKBI=",
        "owner": "ryantm",
        "repo": "agenix",
        "rev": "a630400067c6d03c9b3e0455347dc8559db14288",
        "type": "github"
      },
      "original": {
        "owner": "ryantm",
        "repo": "agenix",
        "type": "github"
      }
    },
    "blank": {
      "locked": {
        "lastModified": 1625557891,
        "narHash": "sha256-O8/MWsPBGhhyPoPLHZAuoZiiHo9q6FLlEeIDEXuj6T4=",
        "owner": "divnix",
        "repo": "blank",
        "rev": "5a5d2684073d9f563072ed07c871d577a6c614a8",
        "type": "github"
      },
      "original": {
        "owner": "divnix",
        "repo": "blank",
        "type": "github"
      }
    },
    "deploy-rs": {
      "inputs": {
        "flake-compat": [
          "blank"
        ],
        "nixpkgs": [
          "nixpkgs"
        ],
        "utils": [
          "repin-flake-utils"
        ]
      },
      "locked": {
        "host": "git.privatevoid.net",
        "lastModified": 1638903228,
        "narHash": "sha256-mEbLD0A9gp159pFtdK4n1Yp2uFSE1T2nOr8BkfwgrC8=",
        "owner": "max",
        "repo": "deploy-rs",
        "rev": "0d11e93f47be21051683e1b38f6b0dcb3f0a71cf",
        "type": "gitlab"
      },
      "original": {
        "host": "git.privatevoid.net",
        "owner": "max",
        "repo": "deploy-rs",
        "type": "gitlab"
      }
    },
    "devshell": {
      "inputs": {
        "flake-utils": [
          "repin-flake-utils"
        ],
        "nixpkgs": [
          "nixpkgs"
        ]
      },
      "locked": {
        "lastModified": 1667210711,
        "narHash": "sha256-IoErjXZAkzYWHEpQqwu/DeRNJGFdR7X2OGbkhMqMrpw=",
        "owner": "numtide",
        "repo": "devshell",
        "rev": "96a9dd12b8a447840cc246e17a47b81a4268bba7",
        "type": "github"
      },
      "original": {
        "owner": "numtide",
        "repo": "devshell",
        "type": "github"
      }
    },
    "dream2nix": {
      "inputs": {
        "alejandra": [
          "blank"
        ],
        "all-cabal-json": [
          "blank"
        ],
        "crane": [
          "blank"
        ],
        "devshell": [
          "blank"
        ],
        "flake-parts": [
          "flake-parts"
        ],
        "flake-utils-pre-commit": [
          "blank"
        ],
        "ghc-utils": [
          "blank"
        ],
        "gomod2nix": [
          "blank"
        ],
        "mach-nix": [
          "blank"
        ],
        "nix-pypi-fetcher": [
          "blank"
        ],
        "nixpkgs": [
          "nixpkgs"
        ],
        "poetry2nix": [
          "poetry2nix"
        ],
        "pre-commit-hooks": [
          "blank"
        ]
      },
      "locked": {
        "lastModified": 1669895779,
        "narHash": "sha256-sYeVcnYPuOGIBb9YXYVVIXh2PifhR6NIx0Q3zy6xU0s=",
        "owner": "nix-community",
        "repo": "dream2nix",
        "rev": "ce047a9ceaf1040dc14e393cc3243d22dd0dbcdc",
        "type": "github"
      },
      "original": {
        "owner": "nix-community",
        "repo": "dream2nix",
        "type": "github"
      }
    },
    "flake-parts": {
      "inputs": {
        "nixpkgs-lib": [
          "nixpkgs"
        ]
      },
      "locked": {
        "lastModified": 1668450977,
        "narHash": "sha256-cfLhMhnvXn6x1vPm+Jow3RiFAUSCw/l1utktCw5rVA4=",
        "owner": "hercules-ci",
        "repo": "flake-parts",
        "rev": "d591857e9d7dd9ddbfba0ea02b43b927c3c0f1fa",
        "type": "github"
      },
      "original": {
        "owner": "hercules-ci",
        "repo": "flake-parts",
        "type": "github"
      }
    },
    "flake-utils": {
      "locked": {
        "lastModified": 1667077288,
        "narHash": "sha256-bdC8sFNDpT0HK74u9fUkpbf1MEzVYJ+ka7NXCdgBoaA=",
        "owner": "numtide",
        "repo": "flake-utils",
        "rev": "6ee9ebb6b1ee695d2cacc4faa053a7b9baa76817",
        "type": "github"
      },
      "original": {
        "owner": "numtide",
        "repo": "flake-utils",
        "type": "github"
      }
    },
    "hercules-ci-agent": {
      "inputs": {
        "flake-parts": [
          "flake-parts"
        ],
        "nix-darwin": [
          "blank"
        ],
        "nixpkgs": [
          "nixpkgs"
        ],
        "pre-commit-hooks-nix": "pre-commit-hooks-nix"
      },
      "locked": {
        "lastModified": 1669800107,
        "narHash": "sha256-u/jGzNKb6GPVsc+1D7MGkSBBjP5rOa9osOAYezKrMfg=",
        "owner": "hercules-ci",
        "repo": "hercules-ci-agent",
        "rev": "d3d9773a49911dc4e7db5b849b2701d65307109c",
        "type": "github"
      },
      "original": {
        "owner": "hercules-ci",
        "repo": "hercules-ci-agent",
        "type": "github"
      }
    },
    "hercules-ci-effects": {
      "inputs": {
        "flake-parts": [
          "flake-parts"
        ],
        "hercules-ci-agent": [
          "hercules-ci-agent"
        ],
        "nixpkgs": [
          "nixpkgs"
        ]
      },
      "locked": {
        "lastModified": 1669140884,
        "narHash": "sha256-VuRDjiqBF3CTe0e2oLA+ZyyvFIoXW8LHrl3NQsYU1sg=",
        "owner": "hercules-ci",
        "repo": "hercules-ci-effects",
        "rev": "db4da425785db746ef0a6dad5cfd4d932617f93c",
        "type": "github"
      },
      "original": {
        "owner": "hercules-ci",
        "repo": "hercules-ci-effects",
        "type": "github"
      }
    },
    "lowdown-src": {
      "flake": false,
      "locked": {
        "lastModified": 1633514407,
        "narHash": "sha256-Dw32tiMjdK9t3ETl5fzGrutQTzh2rufgZV4A/BbxuD4=",
        "owner": "kristapsdz",
        "repo": "lowdown",
        "rev": "d2c2b44ff6c27b936ec27358a2653caaef8f73b8",
        "type": "github"
      },
      "original": {
        "owner": "kristapsdz",
        "repo": "lowdown",
        "type": "github"
      }
    },
    "mms": {
      "inputs": {
        "flake-compat": [
          "blank"
        ],
        "flake-utils": [
          "repin-flake-utils"
        ],
        "nix": [
          "nix-super"
        ],
        "nixpkgs": [
          "nixpkgs"
        ]
      },
      "locked": {
        "lastModified": 1669478601,
        "narHash": "sha256-IQcS8IPeXvSoIrQRPgtnLxAs0Pkh8wmglDAtqE4ivNo=",
        "owner": "mkaito",
        "repo": "nixos-modded-minecraft-servers",
        "rev": "68f2066499c035fd81c9dacfea2f512d6b0b62e5",
        "type": "github"
      },
      "original": {
        "owner": "mkaito",
        "repo": "nixos-modded-minecraft-servers",
        "type": "github"
      }
    },
    "nar-serve": {
      "inputs": {
        "flake-utils": [
          "repin-flake-utils"
        ],
        "nixpkgs": [
          "nixpkgs"
        ]
      },
      "locked": {
        "lastModified": 1626443268,
        "narHash": "sha256-LAsxgaWKTxOVZVpNrUG9ZrHMnzNMKKxKciVitxdgylE=",
        "owner": "numtide",
        "repo": "nar-serve",
        "rev": "84a77d8ab3ddec9d8090d2f0bc6718484e2d94ea",
        "type": "github"
      },
      "original": {
        "owner": "numtide",
        "ref": "v0.5.0",
        "repo": "nar-serve",
        "type": "github"
      }
    },
    "nix-filter": {
      "locked": {
        "lastModified": 1666547822,
        "narHash": "sha256-razwnAybPHyoAyhkKCwXdxihIqJi1G6e1XP4FQOJTEs=",
        "owner": "numtide",
        "repo": "nix-filter",
        "rev": "1a3b735e13e90a8d2fd5629f2f8363bd7ffbbec7",
        "type": "github"
      },
      "original": {
        "owner": "numtide",
        "repo": "nix-filter",
        "type": "github"
      }
    },
    "nix-super": {
      "inputs": {
        "lowdown-src": "lowdown-src",
        "nixpkgs": [
          "nixpkgs"
        ],
        "nixpkgs-regression": [
          "blank"
        ]
      },
      "locked": {
        "host": "git.privatevoid.net",
        "lastModified": 1669913574,
        "narHash": "sha256-JK12D5gRA3eBVZ/89dZFRtyvVBJASrKupnUzo1jmsr4=",
        "owner": "max",
        "repo": "nix-super",
        "rev": "e95428e16a6268b35c98b771b351b7477ec3a0d6",
        "type": "gitlab"
      },
      "original": {
        "host": "git.privatevoid.net",
        "owner": "max",
        "repo": "nix-super",
        "type": "gitlab"
      }
    },
    "nixos-command": {
      "inputs": {
        "flake-utils": [
          "repin-flake-utils"
        ],
        "nixpkgs": [
          "nixpkgs"
        ],
        "poetry2nix": [
          "poetry2nix"
        ]
      },
      "locked": {
        "lastModified": 1662057103,
        "narHash": "sha256-8czeYcJPbKFcX/F/GuBjgIOXzqNwqr0iOjY5mImgSaM=",
        "owner": "max-privatevoid",
        "repo": "nixos-command",
        "rev": "9d1015b4d366fab6ae46f830e1699a7b9b5dea18",
        "type": "github"
      },
      "original": {
        "owner": "max-privatevoid",
        "repo": "nixos-command",
        "type": "github"
      }
    },
    "nixpkgs": {
      "locked": {
        "lastModified": 1669879401,
        "narHash": "sha256-ImYnZuldeviWNMCCP7VOcGOcQbWhJ/ObAtPtHZ0Hqdc=",
        "owner": "NixOS",
        "repo": "nixpkgs",
        "rev": "3e3c0d1e27779ff175e739b439d6632e7831d94e",
        "type": "github"
      },
      "original": {
        "owner": "NixOS",
        "ref": "nixos-22.11-small",
        "repo": "nixpkgs",
        "type": "github"
      }
    },
    "poetry2nix": {
      "inputs": {
        "flake-utils": [
          "repin-flake-utils"
        ],
        "nixpkgs": [
          "nixpkgs"
        ]
      },
      "locked": {
        "lastModified": 1669885580,
        "narHash": "sha256-Ap80dQXBe7Toxx25SoJHNSqUIvM88I0bLoN5VmpkffU=",
        "owner": "nix-community",
        "repo": "poetry2nix",
        "rev": "3a965c8dd6c33d3d3fb8dba16492ab82152806c1",
        "type": "github"
      },
      "original": {
        "owner": "nix-community",
        "repo": "poetry2nix",
        "type": "github"
      }
    },
    "pre-commit-hooks-nix": {
      "inputs": {
        "flake-utils": "flake-utils",
        "nixpkgs": [
          "hercules-ci-agent",
          "nixpkgs"
        ]
      },
      "locked": {
        "lastModified": 1667760143,
        "narHash": "sha256-+X5CyeNEKp41bY/I1AJgW/fn69q5cLJ1bgiaMMCKB3M=",
        "owner": "cachix",
        "repo": "pre-commit-hooks.nix",
        "rev": "06f48d63d473516ce5b8abe70d15be96a0147fcd",
        "type": "github"
      },
      "original": {
        "owner": "cachix",
        "repo": "pre-commit-hooks.nix",
        "type": "github"
      }
    },
    "repin-flake-utils": {
      "locked": {
        "lastModified": 1667395993,
        "narHash": "sha256-nuEHfE/LcWyuSWnS8t12N1wc105Qtau+/OdUAjtQ0rA=",
        "owner": "numtide",
        "repo": "flake-utils",
        "rev": "5aed5285a952e0b949eb3ba02c12fa4fcfef535f",
        "type": "github"
      },
      "original": {
        "owner": "numtide",
        "repo": "flake-utils",
        "type": "github"
      }
    },
    "root": {
      "inputs": {
        "agenix": "agenix",
        "blank": "blank",
        "deploy-rs": "deploy-rs",
        "devshell": "devshell",
        "dream2nix": "dream2nix",
        "flake-parts": "flake-parts",
        "hercules-ci-agent": "hercules-ci-agent",
        "hercules-ci-effects": "hercules-ci-effects",
        "mms": "mms",
        "nar-serve": "nar-serve",
        "nix-filter": "nix-filter",
        "nix-super": "nix-super",
        "nixos-command": "nixos-command",
        "nixpkgs": "nixpkgs",
        "poetry2nix": "poetry2nix",
        "repin-flake-utils": "repin-flake-utils"
      }
    }
  },
  "root": "root",
  "version": 7
}
