{
  "nodes": {
    "agenix": {
      "inputs": {
        "darwin": "darwin",
        "home-manager": "home-manager",
        "nixpkgs": [
          "nixpkgs"
        ],
        "systems": "systems"
      },
      "locked": {
        "lastModified": 1770165109,
        "narHash": "sha256-9VnK6Oqai65puVJ4WYtCTvlJeXxMzAp/69HhQuTdl/I=",
        "owner": "ryantm",
        "repo": "agenix",
        "rev": "b027ee29d959fda4b60b57566d64c98a202e0feb",
        "type": "github"
      },
      "original": {
        "owner": "ryantm",
        "repo": "agenix",
        "type": "github"
      }
    },
    "blank": {
      "locked": {
        "lastModified": 1625557891,
        "narHash": "sha256-O8/MWsPBGhhyPoPLHZAuoZiiHo9q6FLlEeIDEXuj6T4=",
        "owner": "divnix",
        "repo": "blank",
        "rev": "5a5d2684073d9f563072ed07c871d577a6c614a8",
        "type": "github"
      },
      "original": {
        "owner": "divnix",
        "repo": "blank",
        "type": "github"
      }
    },
    "circus": {
      "inputs": {
        "crane": "crane",
        "nixpkgs": [
          "nixpkgs"
        ]
      },
      "locked": {
        "lastModified": 1779905149,
        "narHash": "sha256-r2dp0DQvGuBv2wuhU03t4m3lT0HL1L/NZE2WoGp1cM8=",
        "owner": "manic-systems",
        "repo": "circus",
        "rev": "0866902c3213a3b62cd9a6b49fcd7659a2f0979a",
        "type": "github"
      },
      "original": {
        "owner": "manic-systems",
        "ref": "pr-remove-rust-overlay",
        "repo": "circus",
        "type": "github"
      }
    },
    "clan": {
      "inputs": {
        "data-mesher": "data-mesher",
        "disko": "disko",
        "flake-parts": [
          "flake-parts"
        ],
        "nix-darwin": [
          "blank"
        ],
        "nix-select": "nix-select",
        "nixpkgs": [
          "nixpkgs-input"
        ],
        "sops-nix": "sops-nix",
        "systems": [
          "systems"
        ],
        "treefmt-nix": "treefmt-nix"
      },
      "locked": {
        "lastModified": 1779461053,
        "narHash": "sha256-2VU7LNuIZJlSSxmjNLgl+X9SCM9D/IqunkAipklvvv4=",
        "rev": "043ac8ceba3b61de4dea3206a03791a4d685eba5",
        "type": "tarball",
        "url": "https://git.clan.lol/api/v1/repos/clan/clan-core/archive/043ac8ceba3b61de4dea3206a03791a4d685eba5.tar.gz"
      },
      "original": {
        "type": "tarball",
        "url": "https://git.clan.lol/clan/clan-core/archive/main.tar.gz"
      }
    },
    "crane": {
      "locked": {
        "lastModified": 1779130139,
        "narHash": "sha256-BLrtr42azquO7MdGFU5a7KiMl3YpFlTeIXqy1fT5GlQ=",
        "owner": "ipetkov",
        "repo": "crane",
        "rev": "edb38893982a3338972bb4a2ec7ce7c29ba10fd9",
        "type": "github"
      },
      "original": {
        "owner": "ipetkov",
        "repo": "crane",
        "type": "github"
      }
    },
    "darwin": {
      "inputs": {
        "nixpkgs": [
          "agenix",
          "nixpkgs"
        ]
      },
      "locked": {
        "lastModified": 1744478979,
        "narHash": "sha256-dyN+teG9G82G+m+PX/aSAagkC+vUv0SgUw3XkPhQodQ=",
        "owner": "lnl7",
        "repo": "nix-darwin",
        "rev": "43975d782b418ebf4969e9ccba82466728c2851b",
        "type": "github"
      },
      "original": {
        "owner": "lnl7",
        "ref": "master",
        "repo": "nix-darwin",
        "type": "github"
      }
    },
    "data-mesher": {
      "inputs": {
        "flake-parts": [
          "clan",
          "flake-parts"
        ],
        "nixpkgs": [
          "clan",
          "nixpkgs"
        ],
        "treefmt-nix": [
          "clan",
          "treefmt-nix"
        ]
      },
      "locked": {
        "lastModified": 1778718524,
        "narHash": "sha256-pXLoI6Ax0EnUK6r34UM1vibVC7CfTu6j72R2692ZzPs=",
        "rev": "12c552ad547d87254f33f33bddd1a2cdbeac754d",
        "type": "tarball",
        "url": "https://git.clan.lol/api/v1/repos/clan/data-mesher/archive/12c552ad547d87254f33f33bddd1a2cdbeac754d.tar.gz"
      },
      "original": {
        "type": "tarball",
        "url": "https://git.clan.lol/clan/data-mesher/archive/main.tar.gz"
      }
    },
    "devshell": {
      "inputs": {
        "nixpkgs": [
          "nixpkgs"
        ]
      },
      "locked": {
        "lastModified": 1768818222,
        "narHash": "sha256-460jc0+CZfyaO8+w8JNtlClB2n4ui1RbHfPTLkpwhU8=",
        "owner": "numtide",
        "repo": "devshell",
        "rev": "255a2b1725a20d060f566e4755dbf571bbbb5f76",
        "type": "github"
      },
      "original": {
        "owner": "numtide",
        "repo": "devshell",
        "type": "github"
      }
    },
    "disko": {
      "inputs": {
        "nixpkgs": [
          "clan",
          "nixpkgs"
        ]
      },
      "locked": {
        "lastModified": 1779226674,
        "narHash": "sha256-wuOkjI6pRiN4sEn/EPBRnNW5cmcpvd7xtIM8y5LooAs=",
        "owner": "nix-community",
        "repo": "disko",
        "rev": "65fb947964bd44fc0008faf77d1fcb7a9f40bb32",
        "type": "github"
      },
      "original": {
        "owner": "nix-community",
        "repo": "disko",
        "type": "github"
      }
    },
    "flake-compat": {
      "flake": false,
      "locked": {
        "lastModified": 1767039857,
        "narHash": "sha256-vNpUSpF5Nuw8xvDLj2KCwwksIbjua2LZCqhV1LNRDns=",
        "owner": "NixOS",
        "repo": "flake-compat",
        "rev": "5edf11c44bc78a0d334f6334cdaf7d60d732daab",
        "type": "github"
      },
      "original": {
        "owner": "NixOS",
        "repo": "flake-compat",
        "type": "github"
      }
    },
    "flake-parts": {
      "inputs": {
        "nixpkgs-lib": [
          "nixpkgs"
        ]
      },
      "locked": {
        "lastModified": 1778716662,
        "narHash": "sha256-m1Yf0wZ8j1OHjTc2UwHwyQRSnNeSgLJOd7q5Y45hzi4=",
        "owner": "hercules-ci",
        "repo": "flake-parts",
        "rev": "f7c1a2d347e4c52d5fb8d10cb4d94b5884e546fb",
        "type": "github"
      },
      "original": {
        "owner": "hercules-ci",
        "repo": "flake-parts",
        "type": "github"
      }
    },
    "flake-parts_2": {
      "inputs": {
        "nixpkgs-lib": [
          "nix-super",
          "nixpkgs"
        ]
      },
      "locked": {
        "lastModified": 1775087534,
        "narHash": "sha256-91qqW8lhL7TLwgQWijoGBbiD4t7/q75KTi8NxjVmSmA=",
        "owner": "hercules-ci",
        "repo": "flake-parts",
        "rev": "3107b77cd68437b9a76194f0f7f9c55f2329ca5b",
        "type": "github"
      },
      "original": {
        "owner": "hercules-ci",
        "repo": "flake-parts",
        "type": "github"
      }
    },
    "git-hooks-nix": {
      "inputs": {
        "flake-compat": [
          "nix-super"
        ],
        "gitignore": [
          "nix-super"
        ],
        "nixpkgs": [
          "nix-super",
          "nixpkgs"
        ]
      },
      "locked": {
        "lastModified": 1776796298,
        "narHash": "sha256-PcRvlWayisPSjd0UcRQbhG8Oqw78AcPE6x872cPRHN8=",
        "owner": "cachix",
        "repo": "git-hooks.nix",
        "rev": "3cfd774b0a530725a077e17354fbdb87ea1c4aad",
        "type": "github"
      },
      "original": {
        "owner": "cachix",
        "repo": "git-hooks.nix",
        "type": "github"
      }
    },
    "haskell-flake": {
      "locked": {
        "lastModified": 1768251795,
        "narHash": "sha256-xxQBxQfgGDvPkzOMvHx3yNLgTuOS0TDwuwqw/cNk1d8=",
        "owner": "srid",
        "repo": "haskell-flake",
        "rev": "28a0a79abeff13d80cdecc58f09f0955ca50fe88",
        "type": "github"
      },
      "original": {
        "owner": "srid",
        "repo": "haskell-flake",
        "type": "github"
      }
    },
    "hercules-ci-agent": {
      "inputs": {
        "flake-parts": [
          "flake-parts"
        ],
        "haskell-flake": "haskell-flake",
        "nixpkgs": "nixpkgs"
      },
      "locked": {
        "lastModified": 1769000415,
        "narHash": "sha256-C3x2g91uiG5UiBWKOhsXL85PtmX7QUtwdfL+oHWC620=",
        "owner": "hercules-ci",
        "repo": "hercules-ci-agent",
        "rev": "037a7f91a3156a6132171d90e8be2f96aab32ddc",
        "type": "github"
      },
      "original": {
        "owner": "hercules-ci",
        "repo": "hercules-ci-agent",
        "type": "github"
      }
    },
    "hercules-ci-effects": {
      "inputs": {
        "flake-parts": [
          "flake-parts"
        ],
        "nixpkgs": [
          "nixpkgs"
        ]
      },
      "locked": {
        "lastModified": 1778930899,
        "narHash": "sha256-OOEWyt8ma7QAysDbiP65J7li7KIdtZfnbA11gFnwyEI=",
        "owner": "hercules-ci",
        "repo": "hercules-ci-effects",
        "rev": "af4331c44f13977b6964745454eadcfee2d244d1",
        "type": "github"
      },
      "original": {
        "owner": "hercules-ci",
        "repo": "hercules-ci-effects",
        "type": "github"
      }
    },
    "hercules-ci-effects_2": {
      "inputs": {
        "flake-parts": [
          "hyprspace",
          "flake-parts"
        ],
        "nixpkgs": [
          "hyprspace",
          "nixpkgs"
        ]
      },
      "locked": {
        "lastModified": 1776270251,
        "narHash": "sha256-3A2B8k6YCuzt5pT/CQEltUghtE6heSlk2tMYkg/fUWI=",
        "owner": "max-privatevoid",
        "repo": "hercules-ci-effects",
        "rev": "f3a32947c119cfe0f0130ad91b37028a3dae22d1",
        "type": "github"
      },
      "original": {
        "owner": "max-privatevoid",
        "ref": "pr/skip-if-exists",
        "repo": "hercules-ci-effects",
        "type": "github"
      }
    },
    "home-manager": {
      "inputs": {
        "nixpkgs": [
          "agenix",
          "nixpkgs"
        ]
      },
      "locked": {
        "lastModified": 1745494811,
        "narHash": "sha256-YZCh2o9Ua1n9uCvrvi5pRxtuVNml8X2a03qIFfRKpFs=",
        "owner": "nix-community",
        "repo": "home-manager",
        "rev": "abfad3d2958c9e6300a883bd443512c55dfeb1be",
        "type": "github"
      },
      "original": {
        "owner": "nix-community",
        "repo": "home-manager",
        "type": "github"
      }
    },
    "hyprspace": {
      "inputs": {
        "flake-parts": [
          "flake-parts"
        ],
        "hercules-ci-effects": "hercules-ci-effects_2",
        "ndg": "ndg",
        "nixpkgs": "nixpkgs_2"
      },
      "locked": {
        "lastModified": 1779137327,
        "narHash": "sha256-m0z6nPIeidHbZifPoOXur8s75f2qKKN09mbjhoAHZQU=",
        "owner": "hyprspace",
        "repo": "hyprspace",
        "rev": "769c101a1fcc4c9b1cfecc4ffb4d0f1b42c441ba",
        "type": "github"
      },
      "original": {
        "owner": "hyprspace",
        "repo": "hyprspace",
        "type": "github"
      }
    },
    "nar-serve": {
      "inputs": {
        "nixpkgs": [
          "nixpkgs"
        ],
        "systems": "systems_2"
      },
      "locked": {
        "lastModified": 1769012609,
        "narHash": "sha256-azSb8I+kYGUExjKJ8rfytTW4T45HcOi83oeV0O6z0vw=",
        "owner": "numtide",
        "repo": "nar-serve",
        "rev": "aa1fee135ed86f7d4c9acd27cba90411aed62e2a",
        "type": "github"
      },
      "original": {
        "owner": "numtide",
        "repo": "nar-serve",
        "type": "github"
      }
    },
    "ndg": {
      "inputs": {
        "nixpkgs": [
          "hyprspace",
          "nixpkgs"
        ]
      },
      "locked": {
        "lastModified": 1776204333,
        "narHash": "sha256-gJcybEQZa5Jdh3MSgvGLqiqQFRTZ3IxQFvVIsJecbno=",
        "owner": "feel-co",
        "repo": "ndg",
        "rev": "d678855cdd0385b1bd78adf3456d072642317d6a",
        "type": "github"
      },
      "original": {
        "owner": "feel-co",
        "repo": "ndg",
        "type": "github"
      }
    },
    "nix-select": {
      "locked": {
        "lastModified": 1763303120,
        "narHash": "sha256-yxcNOha7Cfv2nhVpz9ZXSNKk0R7wt4AiBklJ8D24rVg=",
        "rev": "3d1e3860bef36857a01a2ddecba7cdb0a14c35a9",
        "type": "tarball",
        "url": "https://git.clan.lol/api/v1/repos/clan/nix-select/archive/3d1e3860bef36857a01a2ddecba7cdb0a14c35a9.tar.gz"
      },
      "original": {
        "type": "tarball",
        "url": "https://git.clan.lol/clan/nix-select/archive/main.tar.gz"
      }
    },
    "nix-super": {
      "inputs": {
        "flake-compat": "flake-compat",
        "flake-parts": "flake-parts_2",
        "git-hooks-nix": "git-hooks-nix",
        "nixpkgs": "nixpkgs_3",
        "nixpkgs-23-11": [
          "blank"
        ],
        "nixpkgs-regression": [
          "blank"
        ]
      },
      "locked": {
        "lastModified": 1778707297,
        "narHash": "sha256-tLfOThQqwPtxAIZkjNHIZ+oyIWnAJnH0MyI3qwWRAgU=",
        "rev": "b327961d6be26dc9250ad0732a10516de5e544cb",
        "type": "tarball",
        "url": "https://forge.privatevoid.net/api/v1/repos/max/nix-super/archive/b327961d6be26dc9250ad0732a10516de5e544cb.tar.gz"
      },
      "original": {
        "type": "tarball",
        "url": "https://forge.privatevoid.net/max/nix-super/archive/master.tar.gz"
      }
    },
    "nixos-core": {
      "inputs": {
        "nixpkgs": [
          "nixpkgs"
        ]
      },
      "locked": {
        "lastModified": 1778833218,
        "narHash": "sha256-fTHhZmepyzXXwisSb/ULB/gGu8wqDF0FqKD/v6nMBYM=",
        "owner": "sisyphean-group",
        "repo": "nixos-core",
        "rev": "5512197f02333c24a9260dd9254c8d0dd8990981",
        "type": "github"
      },
      "original": {
        "owner": "sisyphean-group",
        "repo": "nixos-core",
        "type": "github"
      }
    },
    "nixpkgs": {
      "locked": {
        "lastModified": 1768886240,
        "narHash": "sha256-C2TjvwYZ2VDxYWeqvvJ5XPPp6U7H66zeJlRaErJKoEM=",
        "owner": "NixOS",
        "repo": "nixpkgs",
        "rev": "80e4adbcf8992d3fd27ad4964fbb84907f9478b0",
        "type": "github"
      },
      "original": {
        "owner": "NixOS",
        "ref": "nixos-unstable",
        "repo": "nixpkgs",
        "type": "github"
      }
    },
    "nixpkgs-input": {
      "locked": {
        "lastModified": 1779357205,
        "narHash": "sha256-cCO8aTqss5x9Ky8GWkpY0Hy5fyTZEbtifSUV8QjSzic=",
        "owner": "NixOS",
        "repo": "nixpkgs",
        "rev": "f83fc3c307e74bc5fd5adb7eb6b8b13ffd2a36e1",
        "type": "github"
      },
      "original": {
        "owner": "NixOS",
        "ref": "nixos-unstable",
        "repo": "nixpkgs",
        "type": "github"
      }
    },
    "nixpkgs_2": {
      "locked": {
        "lastModified": 1776169885,
        "narHash": "sha256-l/iNYDZ4bGOAFQY2q8y5OAfBBtrDAaPuRQqWaFHVRXM=",
        "owner": "NixOS",
        "repo": "nixpkgs",
        "rev": "4bd9165a9165d7b5e33ae57f3eecbcb28fb231c9",
        "type": "github"
      },
      "original": {
        "owner": "NixOS",
        "ref": "nixos-unstable",
        "repo": "nixpkgs",
        "type": "github"
      }
    },
    "nixpkgs_3": {
      "locked": {
        "lastModified": 1778003029,
        "narHash": "sha256-amc4Y3GF3+anUi7IJeLVzf7hVqLb3ZqCGzYtkVyp7Qw=",
        "rev": "0c88e1f2bdb93d5999019e99cb0e61e1fe2af4c5",
        "type": "tarball",
        "url": "https://releases.nixos.org/nixos/25.11/nixos-25.11.10470.0c88e1f2bdb9/nixexprs.tar.xz"
      },
      "original": {
        "type": "tarball",
        "url": "https://channels.nixos.org/nixos-25.11/nixexprs.tar.xz"
      }
    },
    "nixpkgs_4": {
      "inputs": {
        "config": [],
        "nixpkgs": [
          "nixpkgs-input"
        ]
      },
      "locked": {
        "lastModified": 1778623496,
        "narHash": "sha256-/dqnVyai4PTRmHBXgeZaW14GsBJoD7MOfMrvfdgTdlo=",
        "rev": "4a880bf618ace086affe302b523117a499ba537f",
        "type": "tarball",
        "url": "https://forge.privatevoid.net/api/v1/repos/privatevoid.net/customize-nixpkgs/archive/4a880bf618ace086affe302b523117a499ba537f.tar.gz"
      },
      "original": {
        "type": "tarball",
        "url": "https://forge.privatevoid.net/privatevoid.net/customize-nixpkgs/archive/master.tar.gz"
      }
    },
    "root": {
      "inputs": {
        "agenix": "agenix",
        "blank": "blank",
        "circus": "circus",
        "clan": "clan",
        "devshell": "devshell",
        "flake-parts": "flake-parts",
        "hercules-ci-agent": "hercules-ci-agent",
        "hercules-ci-effects": "hercules-ci-effects",
        "hyprspace": "hyprspace",
        "nar-serve": "nar-serve",
        "nix-super": "nix-super",
        "nixos-core": "nixos-core",
        "nixpkgs": "nixpkgs_4",
        "nixpkgs-input": "nixpkgs-input",
        "systems": "systems_3"
      }
    },
    "sops-nix": {
      "inputs": {
        "nixpkgs": [
          "clan",
          "nixpkgs"
        ]
      },
      "locked": {
        "lastModified": 1777944972,
        "narHash": "sha256-VfGRo1qTBKOe3s2gOv8LSoA6Fk19PvBlwQ1ECN0Evn8=",
        "owner": "Mic92",
        "repo": "sops-nix",
        "rev": "c591bf665727040c6cc5cb409079acb22dcce33c",
        "type": "github"
      },
      "original": {
        "owner": "Mic92",
        "repo": "sops-nix",
        "type": "github"
      }
    },
    "systems": {
      "locked": {
        "lastModified": 1681028828,
        "narHash": "sha256-Vy1rq5AaRuLzOxct8nz4T6wlgyUR7zLU309k9mBC768=",
        "owner": "nix-systems",
        "repo": "default",
        "rev": "da67096a3b9bf56a91d16901293e51ba5b49a27e",
        "type": "github"
      },
      "original": {
        "owner": "nix-systems",
        "repo": "default",
        "type": "github"
      }
    },
    "systems_2": {
      "locked": {
        "lastModified": 1681028828,
        "narHash": "sha256-Vy1rq5AaRuLzOxct8nz4T6wlgyUR7zLU309k9mBC768=",
        "owner": "nix-systems",
        "repo": "default",
        "rev": "da67096a3b9bf56a91d16901293e51ba5b49a27e",
        "type": "github"
      },
      "original": {
        "owner": "nix-systems",
        "repo": "default",
        "type": "github"
      }
    },
    "systems_3": {
      "locked": {
        "lastModified": 1683988522,
        "narHash": "sha256-cAVqq+Mjx4EiWovT7rwbwncX5QBnhNsqwsgyg+eeYrg=",
        "owner": "privatevoid-net",
        "repo": "nix-systems-default-linux",
        "rev": "d7aa6df10eec9ee8055e30f0c2f9b8f73f68015e",
        "type": "github"
      },
      "original": {
        "owner": "privatevoid-net",
        "repo": "nix-systems-default-linux",
        "type": "github"
      }
    },
    "treefmt-nix": {
      "inputs": {
        "nixpkgs": [
          "clan",
          "nixpkgs"
        ]
      },
      "locked": {
        "lastModified": 1775636079,
        "narHash": "sha256-pc20NRoMdiar8oPQceQT47UUZMBTiMdUuWrYu2obUP0=",
        "owner": "numtide",
        "repo": "treefmt-nix",
        "rev": "790751ff7fd3801feeaf96d7dc416a8d581265ba",
        "type": "github"
      },
      "original": {
        "owner": "numtide",
        "repo": "treefmt-nix",
        "type": "github"
      }
    }
  },
  "root": "root",
  "version": 7
}
