{
  "nodes": {
    "agenix": {
      "inputs": {
        "nixpkgs": [
          "nixpkgs"
        ]
      },
      "locked": {
        "lastModified": 1665870395,
        "narHash": "sha256-Tsbqb27LDNxOoPLh0gw2hIb6L/6Ow/6lIBvqcHzEKBI=",
        "owner": "ryantm",
        "repo": "agenix",
        "rev": "a630400067c6d03c9b3e0455347dc8559db14288",
        "type": "github"
      },
      "original": {
        "owner": "ryantm",
        "repo": "agenix",
        "type": "github"
      }
    },
    "blank": {
      "locked": {
        "lastModified": 1625557891,
        "narHash": "sha256-O8/MWsPBGhhyPoPLHZAuoZiiHo9q6FLlEeIDEXuj6T4=",
        "owner": "divnix",
        "repo": "blank",
        "rev": "5a5d2684073d9f563072ed07c871d577a6c614a8",
        "type": "github"
      },
      "original": {
        "owner": "divnix",
        "repo": "blank",
        "type": "github"
      }
    },
    "deploy-rs": {
      "inputs": {
        "flake-compat": [
          "blank"
        ],
        "nixpkgs": [
          "nixpkgs"
        ],
        "utils": [
          "repin-flake-utils"
        ]
      },
      "locked": {
        "host": "git.privatevoid.net",
        "lastModified": 1638903228,
        "narHash": "sha256-mEbLD0A9gp159pFtdK4n1Yp2uFSE1T2nOr8BkfwgrC8=",
        "owner": "max",
        "repo": "deploy-rs",
        "rev": "0d11e93f47be21051683e1b38f6b0dcb3f0a71cf",
        "type": "gitlab"
      },
      "original": {
        "host": "git.privatevoid.net",
        "owner": "max",
        "repo": "deploy-rs",
        "type": "gitlab"
      }
    },
    "devshell": {
      "inputs": {
        "flake-utils": [
          "repin-flake-utils"
        ],
        "nixpkgs": [
          "nixpkgs"
        ]
      },
      "locked": {
        "lastModified": 1671489820,
        "narHash": "sha256-qoei5HDJ8psd1YUPD7DhbHdhLIT9L2nadscp4Qk37uk=",
        "owner": "numtide",
        "repo": "devshell",
        "rev": "5aa3a8039c68b4bf869327446590f4cdf90bb634",
        "type": "github"
      },
      "original": {
        "owner": "numtide",
        "repo": "devshell",
        "type": "github"
      }
    },
    "dream2nix": {
      "inputs": {
        "alejandra": [
          "blank"
        ],
        "all-cabal-json": [
          "blank"
        ],
        "crane": [
          "blank"
        ],
        "devshell": [
          "blank"
        ],
        "flake-parts": [
          "flake-parts"
        ],
        "flake-utils-pre-commit": [
          "blank"
        ],
        "ghc-utils": [
          "blank"
        ],
        "gomod2nix": [
          "blank"
        ],
        "mach-nix": [
          "blank"
        ],
        "nix-pypi-fetcher": [
          "blank"
        ],
        "nixpkgs": [
          "nixpkgs"
        ],
        "poetry2nix": [
          "poetry2nix"
        ],
        "pre-commit-hooks": [
          "blank"
        ]
      },
      "locked": {
        "lastModified": 1672407173,
        "narHash": "sha256-lmUyHBOtD2XuXqthfXOo5ofv4+tRJV9LF0W8Urn3e6o=",
        "owner": "nix-community",
        "repo": "dream2nix",
        "rev": "7ca3383c2ca2b49b5a0990fc898e4f2fa7848e62",
        "type": "github"
      },
      "original": {
        "owner": "nix-community",
        "repo": "dream2nix",
        "type": "github"
      }
    },
    "drv-parts": {
      "inputs": {
        "flake-parts": [
          "flake-parts"
        ],
        "nixpkgs": [
          "nixpkgs"
        ]
      },
      "locked": {
        "lastModified": 1672204519,
        "narHash": "sha256-e7krE55SiaDwtP1ZoALHwgx+IVH6BnzKZWsCutNLa6Q=",
        "owner": "DavHau",
        "repo": "drv-parts",
        "rev": "a3e9a265db570b6af1491b5201e38b5f2d43cd7b",
        "type": "github"
      },
      "original": {
        "owner": "DavHau",
        "repo": "drv-parts",
        "type": "github"
      }
    },
    "flake-parts": {
      "inputs": {
        "nixpkgs-lib": [
          "nixpkgs"
        ]
      },
      "locked": {
        "lastModified": 1672152762,
        "narHash": "sha256-U8iWWHgabN07zfbgedogMVWrEP1Zywyf3Yx3OYHSSgE=",
        "owner": "hercules-ci",
        "repo": "flake-parts",
        "rev": "19e0f88324d90509141e192664ded98bb88ef9b2",
        "type": "github"
      },
      "original": {
        "owner": "hercules-ci",
        "repo": "flake-parts",
        "type": "github"
      }
    },
    "flake-utils": {
      "locked": {
        "lastModified": 1667077288,
        "narHash": "sha256-bdC8sFNDpT0HK74u9fUkpbf1MEzVYJ+ka7NXCdgBoaA=",
        "owner": "numtide",
        "repo": "flake-utils",
        "rev": "6ee9ebb6b1ee695d2cacc4faa053a7b9baa76817",
        "type": "github"
      },
      "original": {
        "owner": "numtide",
        "repo": "flake-utils",
        "type": "github"
      }
    },
    "hercules-ci-agent": {
      "inputs": {
        "flake-parts": [
          "flake-parts"
        ],
        "nix-darwin": [
          "blank"
        ],
        "nixpkgs": [
          "nixpkgs"
        ],
        "pre-commit-hooks-nix": "pre-commit-hooks-nix"
      },
      "locked": {
        "lastModified": 1672336180,
        "narHash": "sha256-sk1OL3USAGl5YESmCbDF45MUILRlRvbF0y9WdZFMeFs=",
        "owner": "hercules-ci",
        "repo": "hercules-ci-agent",
        "rev": "c6a3416eb303c10e149774a652b0be7bb2f94c9f",
        "type": "github"
      },
      "original": {
        "owner": "hercules-ci",
        "repo": "hercules-ci-agent",
        "type": "github"
      }
    },
    "hercules-ci-effects": {
      "inputs": {
        "flake-parts": [
          "flake-parts"
        ],
        "hercules-ci-agent": [
          "hercules-ci-agent"
        ],
        "nixpkgs": [
          "nixpkgs"
        ]
      },
      "locked": {
        "lastModified": 1671710218,
        "narHash": "sha256-c9QR6qTauyLru/2BrIQcgKX4eYR/JFdhbTt+piilO14=",
        "owner": "hercules-ci",
        "repo": "hercules-ci-effects",
        "rev": "9684190de4cd0e75859f1939d13973fce3a7ce46",
        "type": "github"
      },
      "original": {
        "owner": "hercules-ci",
        "repo": "hercules-ci-effects",
        "type": "github"
      }
    },
    "lowdown-src": {
      "flake": false,
      "locked": {
        "lastModified": 1633514407,
        "narHash": "sha256-Dw32tiMjdK9t3ETl5fzGrutQTzh2rufgZV4A/BbxuD4=",
        "owner": "kristapsdz",
        "repo": "lowdown",
        "rev": "d2c2b44ff6c27b936ec27358a2653caaef8f73b8",
        "type": "github"
      },
      "original": {
        "owner": "kristapsdz",
        "repo": "lowdown",
        "type": "github"
      }
    },
    "mms": {
      "inputs": {
        "flake-compat": [
          "blank"
        ],
        "flake-utils": [
          "repin-flake-utils"
        ],
        "nix": [
          "nix-super"
        ],
        "nixpkgs": [
          "nixpkgs"
        ]
      },
      "locked": {
        "lastModified": 1669478601,
        "narHash": "sha256-IQcS8IPeXvSoIrQRPgtnLxAs0Pkh8wmglDAtqE4ivNo=",
        "owner": "mkaito",
        "repo": "nixos-modded-minecraft-servers",
        "rev": "68f2066499c035fd81c9dacfea2f512d6b0b62e5",
        "type": "github"
      },
      "original": {
        "owner": "mkaito",
        "repo": "nixos-modded-minecraft-servers",
        "type": "github"
      }
    },
    "nar-serve": {
      "inputs": {
        "flake-utils": [
          "repin-flake-utils"
        ],
        "nixpkgs": [
          "nixpkgs"
        ]
      },
      "locked": {
        "lastModified": 1626443268,
        "narHash": "sha256-LAsxgaWKTxOVZVpNrUG9ZrHMnzNMKKxKciVitxdgylE=",
        "owner": "numtide",
        "repo": "nar-serve",
        "rev": "84a77d8ab3ddec9d8090d2f0bc6718484e2d94ea",
        "type": "github"
      },
      "original": {
        "owner": "numtide",
        "ref": "v0.5.0",
        "repo": "nar-serve",
        "type": "github"
      }
    },
    "nix-filter": {
      "locked": {
        "lastModified": 1666547822,
        "narHash": "sha256-razwnAybPHyoAyhkKCwXdxihIqJi1G6e1XP4FQOJTEs=",
        "owner": "numtide",
        "repo": "nix-filter",
        "rev": "1a3b735e13e90a8d2fd5629f2f8363bd7ffbbec7",
        "type": "github"
      },
      "original": {
        "owner": "numtide",
        "repo": "nix-filter",
        "type": "github"
      }
    },
    "nix-super": {
      "inputs": {
        "lowdown-src": "lowdown-src",
        "nixpkgs": [
          "nixpkgs"
        ],
        "nixpkgs-regression": [
          "blank"
        ]
      },
      "locked": {
        "host": "git.privatevoid.net",
        "lastModified": 1671896375,
        "narHash": "sha256-TmPI8DOUy+CBnMo6j7ZZ3LT42eo6l3DvqunpLkiW4Is=",
        "owner": "max",
        "repo": "nix-super",
        "rev": "8cc8551afdf9197dc13c0252c4bc07cab8af88e1",
        "type": "gitlab"
      },
      "original": {
        "host": "git.privatevoid.net",
        "owner": "max",
        "repo": "nix-super",
        "type": "gitlab"
      }
    },
    "nixos-command": {
      "inputs": {
        "flake-utils": [
          "repin-flake-utils"
        ],
        "nixpkgs": [
          "nixpkgs"
        ],
        "poetry2nix": [
          "poetry2nix"
        ]
      },
      "locked": {
        "lastModified": 1672511931,
        "narHash": "sha256-lHy7RnySG6KFL6dsxZnRkHJMkdgCDxXp7Mr3nq8ePW4=",
        "owner": "max-privatevoid",
        "repo": "nixos-command",
        "rev": "917b0b5d73cf91c27c3be733a3e7e6a8e032b5ce",
        "type": "github"
      },
      "original": {
        "owner": "max-privatevoid",
        "repo": "nixos-command",
        "type": "github"
      }
    },
    "nixpkgs": {
      "locked": {
        "lastModified": 1672485995,
        "narHash": "sha256-MJecqIvvA2Zagu6eEsxv2U4wo63IKYVjilmnYjl2yGI=",
        "owner": "NixOS",
        "repo": "nixpkgs",
        "rev": "c36f81b42665d8f9849b5a39b5c05f115c39d50a",
        "type": "github"
      },
      "original": {
        "owner": "NixOS",
        "ref": "nixos-22.11-small",
        "repo": "nixpkgs",
        "type": "github"
      }
    },
    "poetry2nix": {
      "inputs": {
        "flake-utils": [
          "repin-flake-utils"
        ],
        "nixpkgs": [
          "nixpkgs"
        ]
      },
      "locked": {
        "lastModified": 1671550109,
        "narHash": "sha256-4Iixlro1t75ze8TqXvfz0HTZ9TOBav3vMTuwuYqsxRE=",
        "owner": "nix-community",
        "repo": "poetry2nix",
        "rev": "f18984f99c67654a1f9fbde463c88a319a2c843e",
        "type": "github"
      },
      "original": {
        "owner": "nix-community",
        "repo": "poetry2nix",
        "type": "github"
      }
    },
    "pre-commit-hooks-nix": {
      "inputs": {
        "flake-utils": "flake-utils",
        "nixpkgs": [
          "hercules-ci-agent",
          "nixpkgs"
        ]
      },
      "locked": {
        "lastModified": 1667760143,
        "narHash": "sha256-+X5CyeNEKp41bY/I1AJgW/fn69q5cLJ1bgiaMMCKB3M=",
        "owner": "cachix",
        "repo": "pre-commit-hooks.nix",
        "rev": "06f48d63d473516ce5b8abe70d15be96a0147fcd",
        "type": "github"
      },
      "original": {
        "owner": "cachix",
        "repo": "pre-commit-hooks.nix",
        "type": "github"
      }
    },
    "repin-flake-utils": {
      "locked": {
        "lastModified": 1667395993,
        "narHash": "sha256-nuEHfE/LcWyuSWnS8t12N1wc105Qtau+/OdUAjtQ0rA=",
        "owner": "numtide",
        "repo": "flake-utils",
        "rev": "5aed5285a952e0b949eb3ba02c12fa4fcfef535f",
        "type": "github"
      },
      "original": {
        "owner": "numtide",
        "repo": "flake-utils",
        "type": "github"
      }
    },
    "root": {
      "inputs": {
        "agenix": "agenix",
        "blank": "blank",
        "deploy-rs": "deploy-rs",
        "devshell": "devshell",
        "dream2nix": "dream2nix",
        "drv-parts": "drv-parts",
        "flake-parts": "flake-parts",
        "hercules-ci-agent": "hercules-ci-agent",
        "hercules-ci-effects": "hercules-ci-effects",
        "mms": "mms",
        "nar-serve": "nar-serve",
        "nix-filter": "nix-filter",
        "nix-super": "nix-super",
        "nixos-command": "nixos-command",
        "nixpkgs": "nixpkgs",
        "poetry2nix": "poetry2nix",
        "repin-flake-utils": "repin-flake-utils"
      }
    }
  },
  "root": "root",
  "version": 7
}
